
Microsoft Visual Studio Solution File, Format Version 11.00
# Visual Studio 2010
Project("{FAE04EC0-301F-11D3-BF4B-00C04F79EFBC}") = "Clinic", "PhongKham\Clinic.csproj", "{0674F8B1-B4D4-42A0-B559-E5D965AE3C84}"
EndProject
Project("{54435603-DBB4-11D2-8724-00A0C9A8B90C}") = "ClinicSetup_en", "ClinicSetup_en\ClinicSetup_en.vdproj", "{34C466F9-9AD4-4A14-A09A-CA9432E99693}"
EndProject
Project("{2150E333-8FDC-42A3-9474-1A3956D46DE8}") = "Setup", "Setup", "{DDC76F94-ECFA-4E48-A93D-102DFB33C533}"
EndProject
Global
	GlobalSection(SolutionConfigurationPlatforms) = preSolution
		Debug|Any CPU = Debug|Any CPU
		Debug|x86 = Debug|x86
		Release|Any CPU = Release|Any CPU
		Release|x86 = Release|x86
	EndGlobalSection
	GlobalSection(ProjectConfigurationPlatforms) = postSolution
		{0674F8B1-B4D4-42A0-B559-E5D965AE3C84}.Debug|Any CPU.ActiveCfg = Debug|Any CPU
		{0674F8B1-B4D4-42A0-B559-E5D965AE3C84}.Debug|Any CPU.Build.0 = Debug|Any CPU
		{0674F8B1-B4D4-42A0-B559-E5D965AE3C84}.Debug|x86.ActiveCfg = Debug|x86
		{0674F8B1-B4D4-42A0-B559-E5D965AE3C84}.Debug|x86.Build.0 = Debug|x86
		{0674F8B1-B4D4-42A0-B559-E5D965AE3C84}.Release|Any CPU.ActiveCfg = Release|Any CPU
		{0674F8B1-B4D4-42A0-B559-E5D965AE3C84}.Release|Any CPU.Build.0 = Release|Any CPU
		{0674F8B1-B4D4-42A0-B559-E5D965AE3C84}.Release|x86.ActiveCfg = Release|x86
		{0674F8B1-B4D4-42A0-B559-E5D965AE3C84}.Release|x86.Build.0 = Release|x86
		{34C466F9-9AD4-4A14-A09A-CA9432E99693}.Debug|Any CPU.ActiveCfg = Debug
		{34C466F9-9AD4-4A14-A09A-CA9432E99693}.Debug|x86.ActiveCfg = Debug
		{34C466F9-9AD4-4A14-A09A-CA9432E99693}.Release|Any CPU.ActiveCfg = Release
		{34C466F9-9AD4-4A14-A09A-CA9432E99693}.Release|x86.ActiveCfg = Release
	EndGlobalSection
	GlobalSection(SolutionProperties) = preSolution
		HideSolutionNode = FALSE
	EndGlobalSection
	GlobalSection(NestedProjects) = preSolution
		{34C466F9-9AD4-4A14-A09A-CA9432E99693} = {DDC76F94-ECFA-4E48-A93D-102DFB33C533}
	EndGlobalSection
EndGlobal
